
Microsoft Visual Studio Solution File, Format Version 12.00
# Visual Studio Version 17
VisualStudioVersion = 17.5.002.0
MinimumVisualStudioVersion = 10.0.40219.1
Project("{9A19103F-16F7-4668-BE54-9A1E7A4F7556}") = "FHIRClient", "FHIRClient.csproj", "{608084D1-4509-447E-BF2A-1F1520A3C738}"
EndProject
Global
	GlobalSection(SolutionConfigurationPlatforms) = preSolution
		Debug|Any CPU = Debug|Any CPU
		Release|Any CPU = Release|Any CPU
	EndGlobalSection
	GlobalSection(ProjectConfigurationPlatforms) = postSolution
		{608084D1-4509-447E-BF2A-1F1520A3C738}.Debug|Any CPU.ActiveCfg = Debug|Any CPU
		{608084D1-4509-447E-BF2A-1F1520A3C738}.Debug|Any CPU.Build.0 = Debug|Any CPU
		{608084D1-4509-447E-BF2A-1F1520A3C738}.Release|Any CPU.ActiveCfg = Release|Any CPU
		{608084D1-4509-447E-BF2A-1F1520A3C738}.Release|Any CPU.Build.0 = Release|Any CPU
	EndGlobalSection
	GlobalSection(SolutionProperties) = preSolution
		HideSolutionNode = FALSE
	EndGlobalSection
	GlobalSection(ExtensibilityGlobals) = postSolution
		SolutionGuid = {8749C32C-6C98-4C64-B931-DC3B681C376D}
	EndGlobalSection
EndGlobal
